
Microsoft Visual Studio Solution File, Format Version 12.00
# Visual Studio Version 17
VisualStudioVersion = 17.11.35222.181
MinimumVisualStudioVersion = 10.0.40219.1
Project("{FAE04EC0-301F-11D3-BF4B-00C04F79EFBC}") = "Pratik-Survivor", "Pratik-Survivor\Pratik-Survivor.csproj", "{6FCCC4F2-429E-45CA-BE99-F4B7518882DE}"
EndProject
Global
	GlobalSection(SolutionConfigurationPlatforms) = preSolution
		Debug|Any CPU = Debug|Any CPU
		Release|Any CPU = Release|Any CPU
	EndGlobalSection
	GlobalSection(ProjectConfigurationPlatforms) = postSolution
		{6FCCC4F2-429E-45CA-BE99-F4B7518882DE}.Debug|Any CPU.ActiveCfg = Debug|Any CPU
		{6FCCC4F2-429E-45CA-BE99-F4B7518882DE}.Debug|Any CPU.Build.0 = Debug|Any CPU
		{6FCCC4F2-429E-45CA-BE99-F4B7518882DE}.Release|Any CPU.ActiveCfg = Release|Any CPU
		{6FCCC4F2-429E-45CA-BE99-F4B7518882DE}.Release|Any CPU.Build.0 = Release|Any CPU
	EndGlobalSection
	GlobalSection(SolutionProperties) = preSolution
		HideSolutionNode = FALSE
	EndGlobalSection
	GlobalSection(ExtensibilityGlobals) = postSolution
		SolutionGuid = {0600CCAF-A7BC-4F22-A86B-C420F5211992}
	EndGlobalSection
EndGlobal
